
Microsoft Visual Studio Solution File, Format Version 11.00
# Visual Studio 2010
Project("{FAE04EC0-301F-11D3-BF4B-00C04F79EFBC}") = "KerbalChecklist", "KerbalChecklist\KerbalChecklist.csproj", "{DC4BFC85-7EC4-4AE5-BF5F-07E3843025C2}"
EndProject
Project("{FAE04EC0-301F-11D3-BF4B-00C04F79EFBC}") = "KerbalChecklistUnitTest", "KerbalChecklistUnitTest\KerbalChecklistUnitTest.csproj", "{66AC13E5-0CF1-4881-9DFE-EE4FCD12BB6A}"
EndProject
Global
	GlobalSection(SolutionConfigurationPlatforms) = preSolution
		Release|Any CPU = Release|Any CPU
	EndGlobalSection
	GlobalSection(ProjectConfigurationPlatforms) = postSolution
		{66AC13E5-0CF1-4881-9DFE-EE4FCD12BB6A}.Release|Any CPU.ActiveCfg = Release|Any CPU
		{66AC13E5-0CF1-4881-9DFE-EE4FCD12BB6A}.Release|Any CPU.Build.0 = Release|Any CPU
		{DC4BFC85-7EC4-4AE5-BF5F-07E3843025C2}.Release|Any CPU.ActiveCfg = Release|Any CPU
		{DC4BFC85-7EC4-4AE5-BF5F-07E3843025C2}.Release|Any CPU.Build.0 = Release|Any CPU
	EndGlobalSection
	GlobalSection(MonoDevelopProperties) = preSolution
		StartupItem = KerbalChecklist\KerbalChecklist.csproj
		Policies = $0
		$0.TextStylePolicy = $1
		$1.inheritsSet = null
		$1.scope = text/x-csharp
		$0.CSharpFormattingPolicy = $2
		$2.SimplePropertyFormatting = ForceNewLine
		$2.NamespaceBraceStyle = EndOfLine
		$2.ClassBraceStyle = EndOfLine
		$2.InterfaceBraceStyle = EndOfLine
		$2.StructBraceStyle = EndOfLine
		$2.EnumBraceStyle = EndOfLine
		$2.MethodBraceStyle = EndOfLine
		$2.ConstructorBraceStyle = EndOfLine
		$2.DestructorBraceStyle = EndOfLine
		$2.AllowEventAddBlockInline = False
		$2.AllowEventRemoveBlockInline = False
		$2.BeforeMethodDeclarationParentheses = False
		$2.WithinMethodDeclarationParentheses = True
		$2.BeforeMethodCallParentheses = False
		$2.WithinMethodCallParentheses = True
		$2.BeforeConstructorDeclarationParentheses = False
		$2.WithinConstructorDeclarationParentheses = True
		$2.BeforeIndexerDeclarationBracket = False
		$2.BeforeDelegateDeclarationParentheses = False
		$2.AfterDelegateDeclarationParameterComma = True
		$2.WithinDelegateDeclarationParentheses = True
		$2.NewParentheses = False
		$2.IfParentheses = False
		$2.WhileParentheses = False
		$2.ForParentheses = False
		$2.ForeachParentheses = False
		$2.CatchParentheses = False
		$2.SwitchParentheses = False
		$2.LockParentheses = False
		$2.UsingParentheses = False
		$2.SpaceAroundUnsafeArrowOperator = True
		$2.WithinParentheses = True
		$2.WithinIfParentheses = True
		$2.WithinWhileParentheses = True
		$2.WithinForParentheses = True
		$2.WithinForEachParentheses = True
		$2.WithinCatchParentheses = True
		$2.WithinSwitchParentheses = True
		$2.WithinLockParentheses = True
		$2.WithinUsingParentheses = True
		$2.WithinSizeOfParentheses = True
		$2.WithinTypeOfParentheses = True
		$2.WithinNewParentheses = True
		$2.SpacesBeforeBrackets = False
		$2.SpacesAfterTypecast = True
		$2.BlankLinesBeforeFirstDeclaration = 1
		$2.MethodCallArgumentWrapping = WrapIfTooLong
		$2.MethodDeclarationParameterWrapping = WrapIfTooLong
		$2.AlignToFirstMethodDeclarationParameter = False
		$2.IndexerDeclarationParameterWrapping = WrapIfTooLong
		$2.AlignToFirstIndexerDeclarationParameter = False
		$2.IndexerArgumentWrapping = WrapIfTooLong
		$2.inheritsSet = Mono
		$2.inheritsScope = text/x-csharp
		$2.scope = text/x-csharp
		$0.TextStylePolicy = $3
		$3.FileWidth = 120
		$3.inheritsSet = VisualStudio
		$3.inheritsScope = text/plain
		$3.scope = text/plain
	EndGlobalSection
EndGlobal
